Microsoft Visual Studio Solution File, Format Version 12.00
# Visual Studio Version 17
VisualStudioVersion = 17.5.2.0
MinimumVisualStudioVersion = 10.0.40219.1
Project("{FAE04EC0-301F-11D3-BF4B-00C04F79EFBC}") = "Finance", "Finance.csproj", "{C7AC55F7-73D4-FB25-88DA-769B7B4D3B05}"
EndProject
Global
	GlobalSection(SolutionConfigurationPlatforms) = preSolution
		Debug|Any CPU = Debug|Any CPU
		Release|Any CPU = Release|Any CPU
	EndGlobalSection
	GlobalSection(ProjectConfigurationPlatforms) = postSolution
		{C7AC55F7-73D4-FB25-88DA-769B7B4D3B05}.Debug|Any CPU.ActiveCfg = Debug|Any CPU
		{C7AC55F7-73D4-FB25-88DA-769B7B4D3B05}.Debug|Any CPU.Build.0 = Debug|Any CPU
		{C7AC55F7-73D4-FB25-88DA-769B7B4D3B05}.Release|Any CPU.ActiveCfg = Release|Any CPU
		{C7AC55F7-73D4-FB25-88DA-769B7B4D3B05}.Release|Any CPU.Build.0 = Release|Any CPU
	EndGlobalSection
	GlobalSection(SolutionProperties) = preSolution
		HideSolutionNode = FALSE
	EndGlobalSection
	GlobalSection(ExtensibilityGlobals) = postSolution
		SolutionGuid = {6D9029A2-A11B-4977-A76D-65431D007224}
	EndGlobalSection
EndGlobal
